
Microsoft Visual Studio Solution File, Format Version 11.00
# Visual Studio 2010
Project("{FAE04EC0-301F-11D3-BF4B-00C04F79EFBC}") = "DataVisualizationDemosWPF4", "WPF\DataVisualizationDemosWPF4.csproj", "{960B0190-08E4-46F4-A23F-B50EB420B8F0}"
EndProject
Global
	GlobalSection(SolutionConfigurationPlatforms) = preSolution
		Debug|Any CPU = Debug|Any CPU
		Release|Any CPU = Release|Any CPU
	EndGlobalSection
	GlobalSection(ProjectConfigurationPlatforms) = postSolution
		{960B0190-08E4-46F4-A23F-B50EB420B8F0}.Debug|Any CPU.ActiveCfg = Debug|Any CPU
		{960B0190-08E4-46F4-A23F-B50EB420B8F0}.Debug|Any CPU.Build.0 = Debug|Any CPU
		{960B0190-08E4-46F4-A23F-B50EB420B8F0}.Release|Any CPU.ActiveCfg = Release|Any CPU
		{960B0190-08E4-46F4-A23F-B50EB420B8F0}.Release|Any CPU.Build.0 = Release|Any CPU
	EndGlobalSection
	GlobalSection(SolutionProperties) = preSolution
		HideSolutionNode = FALSE
	EndGlobalSection
EndGlobal
